
Microsoft Visual Studio Solution File, Format Version 12.00
# Visual Studio 15
VisualStudioVersion = 15.0.28010.2026
MinimumVisualStudioVersion = 10.0.40219.1
Project("{9A19103F-16F7-4668-BE54-9A1E7A4F7556}") = "EntryAutoComplete", "EntryAutoComplete\EntryAutoComplete.csproj", "{D53A14F2-2EBD-45AB-8E44-517B1EE6679B}"
EndProject
Project("{9A19103F-16F7-4668-BE54-9A1E7A4F7556}") = "EntryAutoComplete.Sample", "EntryAutoComplete.Sample\EntryAutoComplete.Sample.csproj", "{71A1C6B8-C399-4AEB-95B3-40C2638F4854}"
EndProject
Project("{FAE04EC0-301F-11D3-BF4B-00C04F79EFBC}") = "EntryAutoComplete.Sample.Android", "EntryAutoComplete.Sample.Android\EntryAutoComplete.Sample.Android.csproj", "{F74D4182-4AC9-4282-8EEE-93BCF41A663A}"
EndProject
Project("{FAE04EC0-301F-11D3-BF4B-00C04F79EFBC}") = "EntryAutoComplete.Sample.iOS", "EntryAutoComplete.Sample.iOS\EntryAutoComplete.Sample.iOS.csproj", "{B5A4F3C4-897A-4D95-B073-63733173F0D3}"
EndProject
Project("{FAE04EC0-301F-11D3-BF4B-00C04F79EFBC}") = "EntryAutoComplete.Sample.UWP", "EntryAutoComplete.Sample.UWP\EntryAutoComplete.Sample.UWP.csproj", "{A8CDB6C9-6DB4-4B4D-BADC-8FF7CE0A3DAD}"
EndProject
Project("{2150E333-8FDC-42A3-9474-1A3956D46DE8}") = "Sample", "Sample", "{01A42CA1-9B39-4A81-893A-8CC9225C2896}"
EndProject
Global
	GlobalSection(SolutionConfigurationPlatforms) = preSolution
		Ad-Hoc|Any CPU = Ad-Hoc|Any CPU
		Ad-Hoc|ARM = Ad-Hoc|ARM
		Ad-Hoc|iPhone = Ad-Hoc|iPhone
		Ad-Hoc|iPhoneSimulator = Ad-Hoc|iPhoneSimulator
		Ad-Hoc|x64 = Ad-Hoc|x64
		Ad-Hoc|x86 = Ad-Hoc|x86
		AppStore|Any CPU = AppStore|Any CPU
		AppStore|ARM = AppStore|ARM
		AppStore|iPhone = AppStore|iPhone
		AppStore|iPhoneSimulator = AppStore|iPhoneSimulator
		AppStore|x64 = AppStore|x64
		AppStore|x86 = AppStore|x86
		Debug|Any CPU = Debug|Any CPU
		Debug|ARM = Debug|ARM
		Debug|iPhone = Debug|iPhone
		Debug|iPhoneSimulator = Debug|iPhoneSimulator
		Debug|x64 = Debug|x64
		Debug|x86 = Debug|x86
		Release|Any CPU = Release|Any CPU
		Release|ARM = Release|ARM
		Release|iPhone = Release|iPhone
		Release|iPhoneSimulator = Release|iPhoneSimulator
		Release|x64 = Release|x64
		Release|x86 = Release|x86
	EndGlobalSection
	GlobalSection(ProjectConfigurationPlatforms) = postSolution
		{D53A14F2-2EBD-45AB-8E44-517B1EE6679B}.Ad-Hoc|Any CPU.ActiveCfg = Debug|Any CPU
		{D53A14F2-2EBD-45AB-8E44-517B1EE6679B}.Ad-Hoc|Any CPU.Build.0 = Debug|Any CPU
		{D53A14F2-2EBD-45AB-8E44-517B1EE6679B}.Ad-Hoc|Any CPU.Deploy.0 = Debug|Any CPU
		{D53A14F2-2EBD-45AB-8E44-517B1EE6679B}.Ad-Hoc|ARM.ActiveCfg = Release|Any CPU
		{D53A14F2-2EBD-45AB-8E44-517B1EE6679B}.Ad-Hoc|ARM.Build.0 = Release|Any CPU
		{D53A14F2-2EBD-45AB-8E44-517B1EE6679B}.Ad-Hoc|iPhone.ActiveCfg = Debug|Any CPU
		{D53A14F2-2EBD-45AB-8E44-517B1EE6679B}.Ad-Hoc|iPhone.Build.0 = Debug|Any CPU
		{D53A14F2-2EBD-45AB-8E44-517B1EE6679B}.Ad-Hoc|iPhone.Deploy.0 = Debug|Any CPU
		{D53A14F2-2EBD-45AB-8E44-517B1EE6679B}.Ad-Hoc|iPhoneSimulator.ActiveCfg = Debug|Any CPU
		{D53A14F2-2EBD-45AB-8E44-517B1EE6679B}.Ad-Hoc|iPhoneSimulator.Build.0 = Debug|Any CPU
		{D53A14F2-2EBD-45AB-8E44-517B1EE6679B}.Ad-Hoc|iPhoneSimulator.Deploy.0 = Debug|Any CPU
		{D53A14F2-2EBD-45AB-8E44-517B1EE6679B}.Ad-Hoc|x64.ActiveCfg = Release|Any CPU
		{D53A14F2-2EBD-45AB-8E44-517B1EE6679B}.Ad-Hoc|x64.Build.0 = Release|Any CPU
		{D53A14F2-2EBD-45AB-8E44-517B1EE6679B}.Ad-Hoc|x86.ActiveCfg = Release|Any CPU
		{D53A14F2-2EBD-45AB-8E44-517B1EE6679B}.Ad-Hoc|x86.Build.0 = Release|Any CPU
		{D53A14F2-2EBD-45AB-8E44-517B1EE6679B}.AppStore|Any CPU.ActiveCfg = Debug|Any CPU
		{D53A14F2-2EBD-45AB-8E44-517B1EE6679B}.AppStore|Any CPU.Build.0 = Debug|Any CPU
		{D53A14F2-2EBD-45AB-8E44-517B1EE6679B}.AppStore|Any CPU.Deploy.0 = Debug|Any CPU
		{D53A14F2-2EBD-45AB-8E44-517B1EE6679B}.AppStore|ARM.ActiveCfg = Release|Any CPU
		{D53A14F2-2EBD-45AB-8E44-517B1EE6679B}.AppStore|ARM.Build.0 = Release|Any CPU
		{D53A14F2-2EBD-45AB-8E44-517B1EE6679B}.AppStore|iPhone.ActiveCfg = Debug|Any CPU
		{D53A14F2-2EBD-45AB-8E44-517B1EE6679B}.AppStore|iPhone.Build.0 = Debug|Any CPU
		{D53A14F2-2EBD-45AB-8E44-517B1EE6679B}.AppStore|iPhone.Deploy.0 = Debug|Any CPU
		{D53A14F2-2EBD-45AB-8E44-517B1EE6679B}.AppStore|iPhoneSimulator.ActiveCfg = Debug|Any CPU
		{D53A14F2-2EBD-45AB-8E44-517B1EE6679B}.AppStore|iPhoneSimulator.Build.0 = Debug|Any CPU
		{D53A14F2-2EBD-45AB-8E44-517B1EE6679B}.AppStore|iPhoneSimulator.Deploy.0 = Debug|Any CPU
		{D53A14F2-2EBD-45AB-8E44-517B1EE6679B}.AppStore|x64.ActiveCfg = Release|Any CPU
		{D53A14F2-2EBD-45AB-8E44-517B1EE6679B}.AppStore|x64.Build.0 = Release|Any CPU
		{D53A14F2-2EBD-45AB-8E44-517B1EE6679B}.AppStore|x86.ActiveCfg = Release|Any CPU
		{D53A14F2-2EBD-45AB-8E44-517B1EE6679B}.AppStore|x86.Build.0 = Release|Any CPU
		{D53A14F2-2EBD-45AB-8E44-517B1EE6679B}.Debug|Any CPU.ActiveCfg = Debug|Any CPU
		{D53A14F2-2EBD-45AB-8E44-517B1EE6679B}.Debug|Any CPU.Build.0 = Debug|Any CPU
		{D53A14F2-2EBD-45AB-8E44-517B1EE6679B}.Debug|Any CPU.Deploy.0 = Debug|Any CPU
		{D53A14F2-2EBD-45AB-8E44-517B1EE6679B}.Debug|ARM.ActiveCfg = Debug|Any CPU
		{D53A14F2-2EBD-45AB-8E44-517B1EE6679B}.Debug|ARM.Build.0 = Debug|Any CPU
		{D53A14F2-2EBD-45AB-8E44-517B1EE6679B}.Debug|iPhone.ActiveCfg = Debug|Any CPU
		{D53A14F2-2EBD-45AB-8E44-517B1EE6679B}.Debug|iPhone.Build.0 = Debug|Any CPU
		{D53A14F2-2EBD-45AB-8E44-517B1EE6679B}.Debug|iPhone.Deploy.0 = Debug|Any CPU
		{D53A14F2-2EBD-45AB-8E44-517B1EE6679B}.Debug|iPhoneSimulator.ActiveCfg = Debug|Any CPU
		{D53A14F2-2EBD-45AB-8E44-517B1EE6679B}.Debug|iPhoneSimulator.Build.0 = Debug|Any CPU
		{D53A14F2-2EBD-45AB-8E44-517B1EE6679B}.Debug|iPhoneSimulator.Deploy.0 = Debug|Any CPU
		{D53A14F2-2EBD-45AB-8E44-517B1EE6679B}.Debug|x64.ActiveCfg = Debug|Any CPU
		{D53A14F2-2EBD-45AB-8E44-517B1EE6679B}.Debug|x64.Build.0 = Debug|Any CPU
		{D53A14F2-2EBD-45AB-8E44-517B1EE6679B}.Debug|x86.ActiveCfg = Debug|Any CPU
		{D53A14F2-2EBD-45AB-8E44-517B1EE6679B}.Debug|x86.Build.0 = Debug|Any CPU
		{D53A14F2-2EBD-45AB-8E44-517B1EE6679B}.Release|Any CPU.ActiveCfg = Release|Any CPU
		{D53A14F2-2EBD-45AB-8E44-517B1EE6679B}.Release|Any CPU.Build.0 = Release|Any CPU
		{D53A14F2-2EBD-45AB-8E44-517B1EE6679B}.Release|Any CPU.Deploy.0 = Release|Any CPU
		{D53A14F2-2EBD-45AB-8E44-517B1EE6679B}.Release|ARM.ActiveCfg = Release|Any CPU
		{D53A14F2-2EBD-45AB-8E44-517B1EE6679B}.Release|ARM.Build.0 = Release|Any CPU
		{D53A14F2-2EBD-45AB-8E44-517B1EE6679B}.Release|iPhone.ActiveCfg = Release|Any CPU
		{D53A14F2-2EBD-45AB-8E44-517B1EE6679B}.Release|iPhone.Build.0 = Release|Any CPU
		{D53A14F2-2EBD-45AB-8E44-517B1EE6679B}.Release|iPhone.Deploy.0 = Release|Any CPU
		{D53A14F2-2EBD-45AB-8E44-517B1EE6679B}.Release|iPhoneSimulator.ActiveCfg = Release|Any CPU
		{D53A14F2-2EBD-45AB-8E44-517B1EE6679B}.Release|iPhoneSimulator.Build.0 = Release|Any CPU
		{D53A14F2-2EBD-45AB-8E44-517B1EE6679B}.Release|iPhoneSimulator.Deploy.0 = Release|Any CPU
		{D53A14F2-2EBD-45AB-8E44-517B1EE6679B}.Release|x64.ActiveCfg = Release|Any CPU
		{D53A14F2-2EBD-45AB-8E44-517B1EE6679B}.Release|x64.Build.0 = Release|Any CPU
		{D53A14F2-2EBD-45AB-8E44-517B1EE6679B}.Release|x86.ActiveCfg = Release|Any CPU
		{D53A14F2-2EBD-45AB-8E44-517B1EE6679B}.Release|x86.Build.0 = Release|Any CPU
		{71A1C6B8-C399-4AEB-95B3-40C2638F4854}.Ad-Hoc|Any CPU.ActiveCfg = Debug|Any CPU
		{71A1C6B8-C399-4AEB-95B3-40C2638F4854}.Ad-Hoc|Any CPU.Build.0 = Debug|Any CPU
		{71A1C6B8-C399-4AEB-95B3-40C2638F4854}.Ad-Hoc|ARM.ActiveCfg = Debug|Any CPU
		{71A1C6B8-C399-4AEB-95B3-40C2638F4854}.Ad-Hoc|ARM.Build.0 = Debug|Any CPU
		{71A1C6B8-C399-4AEB-95B3-40C2638F4854}.Ad-Hoc|iPhone.ActiveCfg = Debug|Any CPU
		{71A1C6B8-C399-4AEB-95B3-40C2638F4854}.Ad-Hoc|iPhone.Build.0 = Debug|Any CPU
		{71A1C6B8-C399-4AEB-95B3-40C2638F4854}.Ad-Hoc|iPhoneSimulator.ActiveCfg = Debug|Any CPU
		{71A1C6B8-C399-4AEB-95B3-40C2638F4854}.Ad-Hoc|iPhoneSimulator.Build.0 = Debug|Any CPU
		{71A1C6B8-C399-4AEB-95B3-40C2638F4854}.Ad-Hoc|x64.ActiveCfg = Debug|Any CPU
		{71A1C6B8-C399-4AEB-95B3-40C2638F4854}.Ad-Hoc|x64.Build.0 = Debug|Any CPU
		{71A1C6B8-C399-4AEB-95B3-40C2638F4854}.Ad-Hoc|x86.ActiveCfg = Debug|Any CPU
		{71A1C6B8-C399-4AEB-95B3-40C2638F4854}.Ad-Hoc|x86.Build.0 = Debug|Any CPU
		{71A1C6B8-C399-4AEB-95B3-40C2638F4854}.AppStore|Any CPU.ActiveCfg = Debug|Any CPU
		{71A1C6B8-C399-4AEB-95B3-40C2638F4854}.AppStore|Any CPU.Build.0 = Debug|Any CPU
		{71A1C6B8-C399-4AEB-95B3-40C2638F4854}.AppStore|ARM.ActiveCfg = Debug|Any CPU
		{71A1C6B8-C399-4AEB-95B3-40C2638F4854}.AppStore|ARM.Build.0 = Debug|Any CPU
		{71A1C6B8-C399-4AEB-95B3-40C2638F4854}.AppStore|iPhone.ActiveCfg = Debug|Any CPU
		{71A1C6B8-C399-4AEB-95B3-40C2638F4854}.AppStore|iPhone.Build.0 = Debug|Any CPU
		{71A1C6B8-C399-4AEB-95B3-40C2638F4854}.AppStore|iPhoneSimulator.ActiveCfg = Debug|Any CPU
		{71A1C6B8-C399-4AEB-95B3-40C2638F4854}.AppStore|iPhoneSimulator.Build.0 = Debug|Any CPU
		{71A1C6B8-C399-4AEB-95B3-40C2638F4854}.AppStore|x64.ActiveCfg = Debug|Any CPU
		{71A1C6B8-C399-4AEB-95B3-40C2638F4854}.AppStore|x64.Build.0 = Debug|Any CPU
		{71A1C6B8-C399-4AEB-95B3-40C2638F4854}.AppStore|x86.ActiveCfg = Debug|Any CPU
		{71A1C6B8-C399-4AEB-95B3-40C2638F4854}.AppStore|x86.Build.0 = Debug|Any CPU
		{71A1C6B8-C399-4AEB-95B3-40C2638F4854}.Debug|Any CPU.ActiveCfg = Debug|Any CPU
		{71A1C6B8-C399-4AEB-95B3-40C2638F4854}.Debug|Any CPU.Build.0 = Debug|Any CPU
		{71A1C6B8-C399-4AEB-95B3-40C2638F4854}.Debug|ARM.ActiveCfg = Debug|Any CPU
		{71A1C6B8-C399-4AEB-95B3-40C2638F4854}.Debug|ARM.Build.0 = Debug|Any CPU
		{71A1C6B8-C399-4AEB-95B3-40C2638F4854}.Debug|iPhone.ActiveCfg = Debug|Any CPU
		{71A1C6B8-C399-4AEB-95B3-40C2638F4854}.Debug|iPhone.Build.0 = Debug|Any CPU
		{71A1C6B8-C399-4AEB-95B3-40C2638F4854}.Debug|iPhoneSimulator.ActiveCfg = Debug|Any CPU
		{71A1C6B8-C399-4AEB-95B3-40C2638F4854}.Debug|iPhoneSimulator.Build.0 = Debug|Any CPU
		{71A1C6B8-C399-4AEB-95B3-40C2638F4854}.Debug|x64.ActiveCfg = Debug|Any CPU
		{71A1C6B8-C399-4AEB-95B3-40C2638F4854}.Debug|x64.Build.0 = Debug|Any CPU
		{71A1C6B8-C399-4AEB-95B3-40C2638F4854}.Debug|x86.ActiveCfg = Debug|Any CPU
		{71A1C6B8-C399-4AEB-95B3-40C2638F4854}.Debug|x86.Build.0 = Debug|Any CPU
		{71A1C6B8-C399-4AEB-95B3-40C2638F4854}.Release|Any CPU.ActiveCfg = Release|Any CPU
		{71A1C6B8-C399-4AEB-95B3-40C2638F4854}.Release|Any CPU.Build.0 = Release|Any CPU
		{71A1C6B8-C399-4AEB-95B3-40C2638F4854}.Release|ARM.ActiveCfg = Release|Any CPU
		{71A1C6B8-C399-4AEB-95B3-40C2638F4854}.Release|ARM.Build.0 = Release|Any CPU
		{71A1C6B8-C399-4AEB-95B3-40C2638F4854}.Release|iPhone.ActiveCfg = Release|Any CPU
		{71A1C6B8-C399-4AEB-95B3-40C2638F4854}.Release|iPhone.Build.0 = Release|Any CPU
		{71A1C6B8-C399-4AEB-95B3-40C2638F4854}.Release|iPhoneSimulator.ActiveCfg = Release|Any CPU
		{71A1C6B8-C399-4AEB-95B3-40C2638F4854}.Release|iPhoneSimulator.Build.0 = Release|Any CPU
		{71A1C6B8-C399-4AEB-95B3-40C2638F4854}.Release|x64.ActiveCfg = Release|Any CPU
		{71A1C6B8-C399-4AEB-95B3-40C2638F4854}.Release|x64.Build.0 = Release|Any CPU
		{71A1C6B8-C399-4AEB-95B3-40C2638F4854}.Release|x86.ActiveCfg = Release|Any CPU
		{71A1C6B8-C399-4AEB-95B3-40C2638F4854}.Release|x86.Build.0 = Release|Any CPU
		{F74D4182-4AC9-4282-8EEE-93BCF41A663A}.Ad-Hoc|Any CPU.ActiveCfg = Release|Any CPU
		{F74D4182-4AC9-4282-8EEE-93BCF41A663A}.Ad-Hoc|Any CPU.Build.0 = Release|Any CPU
		{F74D4182-4AC9-4282-8EEE-93BCF41A663A}.Ad-Hoc|Any CPU.Deploy.0 = Release|Any CPU
		{F74D4182-4AC9-4282-8EEE-93BCF41A663A}.Ad-Hoc|ARM.ActiveCfg = Release|Any CPU
		{F74D4182-4AC9-4282-8EEE-93BCF41A663A}.Ad-Hoc|ARM.Build.0 = Release|Any CPU
		{F74D4182-4AC9-4282-8EEE-93BCF41A663A}.Ad-Hoc|ARM.Deploy.0 = Release|Any CPU
		{F74D4182-4AC9-4282-8EEE-93BCF41A663A}.Ad-Hoc|iPhone.ActiveCfg = Release|Any CPU
		{F74D4182-4AC9-4282-8EEE-93BCF41A663A}.Ad-Hoc|iPhone.Build.0 = Release|Any CPU
		{F74D4182-4AC9-4282-8EEE-93BCF41A663A}.Ad-Hoc|iPhone.Deploy.0 = Release|Any CPU
		{F74D4182-4AC9-4282-8EEE-93BCF41A663A}.Ad-Hoc|iPhoneSimulator.ActiveCfg = Release|Any CPU
		{F74D4182-4AC9-4282-8EEE-93BCF41A663A}.Ad-Hoc|iPhoneSimulator.Build.0 = Release|Any CPU
		{F74D4182-4AC9-4282-8EEE-93BCF41A663A}.Ad-Hoc|iPhoneSimulator.Deploy.0 = Release|Any CPU
		{F74D4182-4AC9-4282-8EEE-93BCF41A663A}.Ad-Hoc|x64.ActiveCfg = Release|Any CPU
		{F74D4182-4AC9-4282-8EEE-93BCF41A663A}.Ad-Hoc|x64.Build.0 = Release|Any CPU
		{F74D4182-4AC9-4282-8EEE-93BCF41A663A}.Ad-Hoc|x64.Deploy.0 = Release|Any CPU
		{F74D4182-4AC9-4282-8EEE-93BCF41A663A}.Ad-Hoc|x86.ActiveCfg = Release|Any CPU
		{F74D4182-4AC9-4282-8EEE-93BCF41A663A}.Ad-Hoc|x86.Build.0 = Release|Any CPU
		{F74D4182-4AC9-4282-8EEE-93BCF41A663A}.Ad-Hoc|x86.Deploy.0 = Release|Any CPU
		{F74D4182-4AC9-4282-8EEE-93BCF41A663A}.AppStore|Any CPU.ActiveCfg = Release|Any CPU
		{F74D4182-4AC9-4282-8EEE-93BCF41A663A}.AppStore|Any CPU.Build.0 = Release|Any CPU
		{F74D4182-4AC9-4282-8EEE-93BCF41A663A}.AppStore|Any CPU.Deploy.0 = Release|Any CPU
		{F74D4182-4AC9-4282-8EEE-93BCF41A663A}.AppStore|ARM.ActiveCfg = Release|Any CPU
		{F74D4182-4AC9-4282-8EEE-93BCF41A663A}.AppStore|ARM.Build.0 = Release|Any CPU
		{F74D4182-4AC9-4282-8EEE-93BCF41A663A}.AppStore|ARM.Deploy.0 = Release|Any CPU
		{F74D4182-4AC9-4282-8EEE-93BCF41A663A}.AppStore|iPhone.ActiveCfg = Release|Any CPU
		{F74D4182-4AC9-4282-8EEE-93BCF41A663A}.AppStore|iPhone.Build.0 = Release|Any CPU
		{F74D4182-4AC9-4282-8EEE-93BCF41A663A}.AppStore|iPhone.Deploy.0 = Release|Any CPU
		{F74D4182-4AC9-4282-8EEE-93BCF41A663A}.AppStore|iPhoneSimulator.ActiveCfg = Release|Any CPU
		{F74D4182-4AC9-4282-8EEE-93BCF41A663A}.AppStore|iPhoneSimulator.Build.0 = Release|Any CPU
		{F74D4182-4AC9-4282-8EEE-93BCF41A663A}.AppStore|iPhoneSimulator.Deploy.0 = Release|Any CPU
		{F74D4182-4AC9-4282-8EEE-93BCF41A663A}.AppStore|x64.ActiveCfg = Release|Any CPU
		{F74D4182-4AC9-4282-8EEE-93BCF41A663A}.AppStore|x64.Build.0 = Release|Any CPU
		{F74D4182-4AC9-4282-8EEE-93BCF41A663A}.AppStore|x64.Deploy.0 = Release|Any CPU
		{F74D4182-4AC9-4282-8EEE-93BCF41A663A}.AppStore|x86.ActiveCfg = Release|Any CPU
		{F74D4182-4AC9-4282-8EEE-93BCF41A663A}.AppStore|x86.Build.0 = Release|Any CPU
		{F74D4182-4AC9-4282-8EEE-93BCF41A663A}.AppStore|x86.Deploy.0 = Release|Any CPU
		{F74D4182-4AC9-4282-8EEE-93BCF41A663A}.Debug|Any CPU.ActiveCfg = Debug|Any CPU
		{F74D4182-4AC9-4282-8EEE-93BCF41A663A}.Debug|Any CPU.Build.0 = Debug|Any CPU
		{F74D4182-4AC9-4282-8EEE-93BCF41A663A}.Debug|Any CPU.Deploy.0 = Debug|Any CPU
		{F74D4182-4AC9-4282-8EEE-93BCF41A663A}.Debug|ARM.ActiveCfg = Debug|Any CPU
		{F74D4182-4AC9-4282-8EEE-93BCF41A663A}.Debug|ARM.Build.0 = Debug|Any CPU
		{F74D4182-4AC9-4282-8EEE-93BCF41A663A}.Debug|ARM.Deploy.0 = Debug|Any CPU
		{F74D4182-4AC9-4282-8EEE-93BCF41A663A}.Debug|iPhone.ActiveCfg = Debug|Any CPU
		{F74D4182-4AC9-4282-8EEE-93BCF41A663A}.Debug|iPhone.Build.0 = Debug|Any CPU
		{F74D4182-4AC9-4282-8EEE-93BCF41A663A}.Debug|iPhone.Deploy.0 = Debug|Any CPU
		{F74D4182-4AC9-4282-8EEE-93BCF41A663A}.Debug|iPhoneSimulator.ActiveCfg = Debug|Any CPU
		{F74D4182-4AC9-4282-8EEE-93BCF41A663A}.Debug|iPhoneSimulator.Build.0 = Debug|Any CPU
		{F74D4182-4AC9-4282-8EEE-93BCF41A663A}.Debug|iPhoneSimulator.Deploy.0 = Debug|Any CPU
		{F74D4182-4AC9-4282-8EEE-93BCF41A663A}.Debug|x64.ActiveCfg = Debug|Any CPU
		{F74D4182-4AC9-4282-8EEE-93BCF41A663A}.Debug|x64.Build.0 = Debug|Any CPU
		{F74D4182-4AC9-4282-8EEE-93BCF41A663A}.Debug|x64.Deploy.0 = Debug|Any CPU
		{F74D4182-4AC9-4282-8EEE-93BCF41A663A}.Debug|x86.ActiveCfg = Debug|Any CPU
		{F74D4182-4AC9-4282-8EEE-93BCF41A663A}.Debug|x86.Build.0 = Debug|Any CPU
		{F74D4182-4AC9-4282-8EEE-93BCF41A663A}.Debug|x86.Deploy.0 = Debug|Any CPU
		{F74D4182-4AC9-4282-8EEE-93BCF41A663A}.Release|Any CPU.ActiveCfg = Release|Any CPU
		{F74D4182-4AC9-4282-8EEE-93BCF41A663A}.Release|Any CPU.Build.0 = Release|Any CPU
		{F74D4182-4AC9-4282-8EEE-93BCF41A663A}.Release|Any CPU.Deploy.0 = Release|Any CPU
		{F74D4182-4AC9-4282-8EEE-93BCF41A663A}.Release|ARM.ActiveCfg = Release|Any CPU
		{F74D4182-4AC9-4282-8EEE-93BCF41A663A}.Release|ARM.Build.0 = Release|Any CPU
		{F74D4182-4AC9-4282-8EEE-93BCF41A663A}.Release|ARM.Deploy.0 = Release|Any CPU
		{F74D4182-4AC9-4282-8EEE-93BCF41A663A}.Release|iPhone.ActiveCfg = Release|Any CPU
		{F74D4182-4AC9-4282-8EEE-93BCF41A663A}.Release|iPhone.Build.0 = Release|Any CPU
		{F74D4182-4AC9-4282-8EEE-93BCF41A663A}.Release|iPhone.Deploy.0 = Release|Any CPU
		{F74D4182-4AC9-4282-8EEE-93BCF41A663A}.Release|iPhoneSimulator.ActiveCfg = Release|Any CPU
		{F74D4182-4AC9-4282-8EEE-93BCF41A663A}.Release|iPhoneSimulator.Build.0 = Release|Any CPU
		{F74D4182-4AC9-4282-8EEE-93BCF41A663A}.Release|iPhoneSimulator.Deploy.0 = Release|Any CPU
		{F74D4182-4AC9-4282-8EEE-93BCF41A663A}.Release|x64.ActiveCfg = Release|Any CPU
		{F74D4182-4AC9-4282-8EEE-93BCF41A663A}.Release|x64.Build.0 = Release|Any CPU
		{F74D4182-4AC9-4282-8EEE-93BCF41A663A}.Release|x64.Deploy.0 = Release|Any CPU
		{F74D4182-4AC9-4282-8EEE-93BCF41A663A}.Release|x86.ActiveCfg = Release|Any CPU
		{F74D4182-4AC9-4282-8EEE-93BCF41A663A}.Release|x86.Build.0 = Release|Any CPU
		{F74D4182-4AC9-4282-8EEE-93BCF41A663A}.Release|x86.Deploy.0 = Release|Any CPU
		{B5A4F3C4-897A-4D95-B073-63733173F0D3}.Ad-Hoc|Any CPU.ActiveCfg = Ad-Hoc|iPhone
		{B5A4F3C4-897A-4D95-B073-63733173F0D3}.Ad-Hoc|ARM.ActiveCfg = Ad-Hoc|iPhone
		{B5A4F3C4-897A-4D95-B073-63733173F0D3}.Ad-Hoc|iPhone.ActiveCfg = Ad-Hoc|iPhone
		{B5A4F3C4-897A-4D95-B073-63733173F0D3}.Ad-Hoc|iPhone.Build.0 = Ad-Hoc|iPhone
		{B5A4F3C4-897A-4D95-B073-63733173F0D3}.Ad-Hoc|iPhoneSimulator.ActiveCfg = Ad-Hoc|iPhoneSimulator
		{B5A4F3C4-897A-4D95-B073-63733173F0D3}.Ad-Hoc|iPhoneSimulator.Build.0 = Ad-Hoc|iPhoneSimulator
		{B5A4F3C4-897A-4D95-B073-63733173F0D3}.Ad-Hoc|x64.ActiveCfg = Ad-Hoc|iPhone
		{B5A4F3C4-897A-4D95-B073-63733173F0D3}.Ad-Hoc|x86.ActiveCfg = Ad-Hoc|iPhone
		{B5A4F3C4-897A-4D95-B073-63733173F0D3}.AppStore|Any CPU.ActiveCfg = AppStore|iPhone
		{B5A4F3C4-897A-4D95-B073-63733173F0D3}.AppStore|ARM.ActiveCfg = AppStore|iPhone
		{B5A4F3C4-897A-4D95-B073-63733173F0D3}.AppStore|iPhone.ActiveCfg = AppStore|iPhone
		{B5A4F3C4-897A-4D95-B073-63733173F0D3}.AppStore|iPhone.Build.0 = AppStore|iPhone
		{B5A4F3C4-897A-4D95-B073-63733173F0D3}.AppStore|iPhoneSimulator.ActiveCfg = AppStore|iPhoneSimulator
		{B5A4F3C4-897A-4D95-B073-63733173F0D3}.AppStore|iPhoneSimulator.Build.0 = AppStore|iPhoneSimulator
		{B5A4F3C4-897A-4D95-B073-63733173F0D3}.AppStore|x64.ActiveCfg = AppStore|iPhone
		{B5A4F3C4-897A-4D95-B073-63733173F0D3}.AppStore|x86.ActiveCfg = AppStore|iPhone
		{B5A4F3C4-897A-4D95-B073-63733173F0D3}.Debug|Any CPU.ActiveCfg = Debug|iPhone
		{B5A4F3C4-897A-4D95-B073-63733173F0D3}.Debug|ARM.ActiveCfg = Debug|iPhone
		{B5A4F3C4-897A-4D95-B073-63733173F0D3}.Debug|iPhone.ActiveCfg = Debug|iPhone
		{B5A4F3C4-897A-4D95-B073-63733173F0D3}.Debug|iPhone.Build.0 = Debug|iPhone
		{B5A4F3C4-897A-4D95-B073-63733173F0D3}.Debug|iPhoneSimulator.ActiveCfg = Debug|iPhoneSimulator
		{B5A4F3C4-897A-4D95-B073-63733173F0D3}.Debug|iPhoneSimulator.Build.0 = Debug|iPhoneSimulator
		{B5A4F3C4-897A-4D95-B073-63733173F0D3}.Debug|x64.ActiveCfg = Debug|iPhone
		{B5A4F3C4-897A-4D95-B073-63733173F0D3}.Debug|x86.ActiveCfg = Debug|iPhone
		{B5A4F3C4-897A-4D95-B073-63733173F0D3}.Release|Any CPU.ActiveCfg = Release|iPhone
		{B5A4F3C4-897A-4D95-B073-63733173F0D3}.Release|ARM.ActiveCfg = Release|iPhone
		{B5A4F3C4-897A-4D95-B073-63733173F0D3}.Release|iPhone.ActiveCfg = Release|iPhone
		{B5A4F3C4-897A-4D95-B073-63733173F0D3}.Release|iPhone.Build.0 = Release|iPhone
		{B5A4F3C4-897A-4D95-B073-63733173F0D3}.Release|iPhoneSimulator.ActiveCfg = Release|iPhoneSimulator
		{B5A4F3C4-897A-4D95-B073-63733173F0D3}.Release|iPhoneSimulator.Build.0 = Release|iPhoneSimulator
		{B5A4F3C4-897A-4D95-B073-63733173F0D3}.Release|x64.ActiveCfg = Release|iPhone
		{B5A4F3C4-897A-4D95-B073-63733173F0D3}.Release|x86.ActiveCfg = Release|iPhone
		{A8CDB6C9-6DB4-4B4D-BADC-8FF7CE0A3DAD}.Ad-Hoc|Any CPU.ActiveCfg = Release|x64
		{A8CDB6C9-6DB4-4B4D-BADC-8FF7CE0A3DAD}.Ad-Hoc|Any CPU.Build.0 = Release|x64
		{A8CDB6C9-6DB4-4B4D-BADC-8FF7CE0A3DAD}.Ad-Hoc|Any CPU.Deploy.0 = Release|x64
		{A8CDB6C9-6DB4-4B4D-BADC-8FF7CE0A3DAD}.Ad-Hoc|ARM.ActiveCfg = Release|ARM
		{A8CDB6C9-6DB4-4B4D-BADC-8FF7CE0A3DAD}.Ad-Hoc|ARM.Build.0 = Release|ARM
		{A8CDB6C9-6DB4-4B4D-BADC-8FF7CE0A3DAD}.Ad-Hoc|ARM.Deploy.0 = Release|ARM
		{A8CDB6C9-6DB4-4B4D-BADC-8FF7CE0A3DAD}.Ad-Hoc|iPhone.ActiveCfg = Release|x64
		{A8CDB6C9-6DB4-4B4D-BADC-8FF7CE0A3DAD}.Ad-Hoc|iPhone.Build.0 = Release|x64
		{A8CDB6C9-6DB4-4B4D-BADC-8FF7CE0A3DAD}.Ad-Hoc|iPhone.Deploy.0 = Release|x64
		{A8CDB6C9-6DB4-4B4D-BADC-8FF7CE0A3DAD}.Ad-Hoc|iPhoneSimulator.ActiveCfg = Release|x64
		{A8CDB6C9-6DB4-4B4D-BADC-8FF7CE0A3DAD}.Ad-Hoc|iPhoneSimulator.Build.0 = Release|x64
		{A8CDB6C9-6DB4-4B4D-BADC-8FF7CE0A3DAD}.Ad-Hoc|iPhoneSimulator.Deploy.0 = Release|x64
		{A8CDB6C9-6DB4-4B4D-BADC-8FF7CE0A3DAD}.Ad-Hoc|x64.ActiveCfg = Release|x64
		{A8CDB6C9-6DB4-4B4D-BADC-8FF7CE0A3DAD}.Ad-Hoc|x64.Build.0 = Release|x64
		{A8CDB6C9-6DB4-4B4D-BADC-8FF7CE0A3DAD}.Ad-Hoc|x64.Deploy.0 = Release|x64
		{A8CDB6C9-6DB4-4B4D-BADC-8FF7CE0A3DAD}.Ad-Hoc|x86.ActiveCfg = Release|x86
		{A8CDB6C9-6DB4-4B4D-BADC-8FF7CE0A3DAD}.Ad-Hoc|x86.Build.0 = Release|x86
		{A8CDB6C9-6DB4-4B4D-BADC-8FF7CE0A3DAD}.Ad-Hoc|x86.Deploy.0 = Release|x86
		{A8CDB6C9-6DB4-4B4D-BADC-8FF7CE0A3DAD}.AppStore|Any CPU.ActiveCfg = Release|x64
		{A8CDB6C9-6DB4-4B4D-BADC-8FF7CE0A3DAD}.AppStore|Any CPU.Build.0 = Release|x64
		{A8CDB6C9-6DB4-4B4D-BADC-8FF7CE0A3DAD}.AppStore|Any CPU.Deploy.0 = Release|x64
		{A8CDB6C9-6DB4-4B4D-BADC-8FF7CE0A3DAD}.AppStore|ARM.ActiveCfg = Release|ARM
		{A8CDB6C9-6DB4-4B4D-BADC-8FF7CE0A3DAD}.AppStore|ARM.Build.0 = Release|ARM
		{A8CDB6C9-6DB4-4B4D-BADC-8FF7CE0A3DAD}.AppStore|ARM.Deploy.0 = Release|ARM
		{A8CDB6C9-6DB4-4B4D-BADC-8FF7CE0A3DAD}.AppStore|iPhone.ActiveCfg = Release|x64
		{A8CDB6C9-6DB4-4B4D-BADC-8FF7CE0A3DAD}.AppStore|iPhone.Build.0 = Release|x64
		{A8CDB6C9-6DB4-4B4D-BADC-8FF7CE0A3DAD}.AppStore|iPhone.Deploy.0 = Release|x64
		{A8CDB6C9-6DB4-4B4D-BADC-8FF7CE0A3DAD}.AppStore|iPhoneSimulator.ActiveCfg = Release|x64
		{A8CDB6C9-6DB4-4B4D-BADC-8FF7CE0A3DAD}.AppStore|iPhoneSimulator.Build.0 = Release|x64
		{A8CDB6C9-6DB4-4B4D-BADC-8FF7CE0A3DAD}.AppStore|iPhoneSimulator.Deploy.0 = Release|x64
		{A8CDB6C9-6DB4-4B4D-BADC-8FF7CE0A3DAD}.AppStore|x64.ActiveCfg = Release|x64
		{A8CDB6C9-6DB4-4B4D-BADC-8FF7CE0A3DAD}.AppStore|x64.Build.0 = Release|x64
		{A8CDB6C9-6DB4-4B4D-BADC-8FF7CE0A3DAD}.AppStore|x64.Deploy.0 = Release|x64
		{A8CDB6C9-6DB4-4B4D-BADC-8FF7CE0A3DAD}.AppStore|x86.ActiveCfg = Release|x86
		{A8CDB6C9-6DB4-4B4D-BADC-8FF7CE0A3DAD}.AppStore|x86.Build.0 = Release|x86
		{A8CDB6C9-6DB4-4B4D-BADC-8FF7CE0A3DAD}.AppStore|x86.Deploy.0 = Release|x86
		{A8CDB6C9-6DB4-4B4D-BADC-8FF7CE0A3DAD}.Debug|Any CPU.ActiveCfg = Debug|x86
		{A8CDB6C9-6DB4-4B4D-BADC-8FF7CE0A3DAD}.Debug|ARM.ActiveCfg = Debug|ARM
		{A8CDB6C9-6DB4-4B4D-BADC-8FF7CE0A3DAD}.Debug|ARM.Build.0 = Debug|ARM
		{A8CDB6C9-6DB4-4B4D-BADC-8FF7CE0A3DAD}.Debug|ARM.Deploy.0 = Debug|ARM
		{A8CDB6C9-6DB4-4B4D-BADC-8FF7CE0A3DAD}.Debug|iPhone.ActiveCfg = Debug|x86
		{A8CDB6C9-6DB4-4B4D-BADC-8FF7CE0A3DAD}.Debug|iPhoneSimulator.ActiveCfg = Debug|x86
		{A8CDB6C9-6DB4-4B4D-BADC-8FF7CE0A3DAD}.Debug|x64.ActiveCfg = Debug|x64
		{A8CDB6C9-6DB4-4B4D-BADC-8FF7CE0A3DAD}.Debug|x64.Build.0 = Debug|x64
		{A8CDB6C9-6DB4-4B4D-BADC-8FF7CE0A3DAD}.Debug|x64.Deploy.0 = Debug|x64
		{A8CDB6C9-6DB4-4B4D-BADC-8FF7CE0A3DAD}.Debug|x86.ActiveCfg = Debug|x86
		{A8CDB6C9-6DB4-4B4D-BADC-8FF7CE0A3DAD}.Debug|x86.Build.0 = Debug|x86
		{A8CDB6C9-6DB4-4B4D-BADC-8FF7CE0A3DAD}.Debug|x86.Deploy.0 = Debug|x86
		{A8CDB6C9-6DB4-4B4D-BADC-8FF7CE0A3DAD}.Release|Any CPU.ActiveCfg = Release|x86
		{A8CDB6C9-6DB4-4B4D-BADC-8FF7CE0A3DAD}.Release|ARM.ActiveCfg = Release|ARM
		{A8CDB6C9-6DB4-4B4D-BADC-8FF7CE0A3DAD}.Release|ARM.Build.0 = Release|ARM
		{A8CDB6C9-6DB4-4B4D-BADC-8FF7CE0A3DAD}.Release|ARM.Deploy.0 = Release|ARM
		{A8CDB6C9-6DB4-4B4D-BADC-8FF7CE0A3DAD}.Release|iPhone.ActiveCfg = Release|x86
		{A8CDB6C9-6DB4-4B4D-BADC-8FF7CE0A3DAD}.Release|iPhoneSimulator.ActiveCfg = Release|x86
		{A8CDB6C9-6DB4-4B4D-BADC-8FF7CE0A3DAD}.Release|x64.ActiveCfg = Release|x64
		{A8CDB6C9-6DB4-4B4D-BADC-8FF7CE0A3DAD}.Release|x64.Build.0 = Release|x64
		{A8CDB6C9-6DB4-4B4D-BADC-8FF7CE0A3DAD}.Release|x64.Deploy.0 = Release|x64
		{A8CDB6C9-6DB4-4B4D-BADC-8FF7CE0A3DAD}.Release|x86.ActiveCfg = Release|x86
		{A8CDB6C9-6DB4-4B4D-BADC-8FF7CE0A3DAD}.Release|x86.Build.0 = Release|x86
		{A8CDB6C9-6DB4-4B4D-BADC-8FF7CE0A3DAD}.Release|x86.Deploy.0 = Release|x86
	EndGlobalSection
	GlobalSection(SolutionProperties) = preSolution
		HideSolutionNode = FALSE
	EndGlobalSection
	GlobalSection(NestedProjects) = preSolution
		{71A1C6B8-C399-4AEB-95B3-40C2638F4854} = {01A42CA1-9B39-4A81-893A-8CC9225C2896}
		{F74D4182-4AC9-4282-8EEE-93BCF41A663A} = {01A42CA1-9B39-4A81-893A-8CC9225C2896}
		{B5A4F3C4-897A-4D95-B073-63733173F0D3} = {01A42CA1-9B39-4A81-893A-8CC9225C2896}
		{A8CDB6C9-6DB4-4B4D-BADC-8FF7CE0A3DAD} = {01A42CA1-9B39-4A81-893A-8CC9225C2896}
	EndGlobalSection
	GlobalSection(ExtensibilityGlobals) = postSolution
		SolutionGuid = {81B2E218-FD6A-4797-8B7F-45D5B56E19BA}
	EndGlobalSection
EndGlobal
